
Microsoft Visual Studio Solution File, Format Version 12.00
# Visual Studio Version 17
VisualStudioVersion = 17.10.35027.167
MinimumVisualStudioVersion = 10.0.40219.1
Project("{9A19103F-16F7-4668-BE54-9A1E7A4F7556}") = "DomainDrivenDesign.Domain", "DomainDrivenDesign.Domain\DomainDrivenDesign.Domain.csproj", "{17EAEAAD-60FF-4FFD-AC6E-639152EC583B}"
EndProject
Project("{FAE04EC0-301F-11D3-BF4B-00C04F79EFBC}") = "DomainDrivenDesign.ConsoleApp", "DomainDrivenDesign.ConsoleApp\DomainDrivenDesign.ConsoleApp.csproj", "{F2C1047B-1F18-471B-8870-F14AD1A2185C}"
EndProject
Global
	GlobalSection(SolutionConfigurationPlatforms) = preSolution
		Debug|Any CPU = Debug|Any CPU
		Release|Any CPU = Release|Any CPU
	EndGlobalSection
	GlobalSection(ProjectConfigurationPlatforms) = postSolution
		{17EAEAAD-60FF-4FFD-AC6E-639152EC583B}.Debug|Any CPU.ActiveCfg = Debug|Any CPU
		{17EAEAAD-60FF-4FFD-AC6E-639152EC583B}.Debug|Any CPU.Build.0 = Debug|Any CPU
		{17EAEAAD-60FF-4FFD-AC6E-639152EC583B}.Release|Any CPU.ActiveCfg = Release|Any CPU
		{17EAEAAD-60FF-4FFD-AC6E-639152EC583B}.Release|Any CPU.Build.0 = Release|Any CPU
		{F2C1047B-1F18-471B-8870-F14AD1A2185C}.Debug|Any CPU.ActiveCfg = Debug|Any CPU
		{F2C1047B-1F18-471B-8870-F14AD1A2185C}.Debug|Any CPU.Build.0 = Debug|Any CPU
		{F2C1047B-1F18-471B-8870-F14AD1A2185C}.Release|Any CPU.ActiveCfg = Release|Any CPU
		{F2C1047B-1F18-471B-8870-F14AD1A2185C}.Release|Any CPU.Build.0 = Release|Any CPU
	EndGlobalSection
	GlobalSection(SolutionProperties) = preSolution
		HideSolutionNode = FALSE
	EndGlobalSection
	GlobalSection(ExtensibilityGlobals) = postSolution
		SolutionGuid = {AEB8981F-D0BF-42E6-9B12-DF658BC4CBB9}
	EndGlobalSection
EndGlobal
